
Microsoft Visual Studio Solution File, Format Version 12.00
# Visual Studio Version 17
VisualStudioVersion = 17.14.36705.20 d17.14
MinimumVisualStudioVersion = 10.0.40219.1
Project("{FAE04EC0-301F-11D3-BF4B-00C04F79EFBC}") = "GymManagementSystem", "GymManagementSystem\GymManagementSystem.csproj", "{FDD35372-A657-4A92-AB63-45FCDD280B63}"
EndProject
Global
	GlobalSection(SolutionConfigurationPlatforms) = preSolution
		Debug|Any CPU = Debug|Any CPU
		Release|Any CPU = Release|Any CPU
	EndGlobalSection
	GlobalSection(ProjectConfigurationPlatforms) = postSolution
		{FDD35372-A657-4A92-AB63-45FCDD280B63}.Debug|Any CPU.ActiveCfg = Debug|Any CPU
		{FDD35372-A657-4A92-AB63-45FCDD280B63}.Debug|Any CPU.Build.0 = Debug|Any CPU
		{FDD35372-A657-4A92-AB63-45FCDD280B63}.Release|Any CPU.ActiveCfg = Release|Any CPU
		{FDD35372-A657-4A92-AB63-45FCDD280B63}.Release|Any CPU.Build.0 = Release|Any CPU
	EndGlobalSection
	GlobalSection(SolutionProperties) = preSolution
		HideSolutionNode = FALSE
	EndGlobalSection
	GlobalSection(ExtensibilityGlobals) = postSolution
		SolutionGuid = {7AAEA4F8-B463-46DA-AC7D-24A68CC5130E}
	EndGlobalSection
EndGlobal
